
Microsoft Visual Studio Solution File, Format Version 12.00
# Visual Studio Version 17
VisualStudioVersion = 17.2.32526.322
MinimumVisualStudioVersion = 10.0.40219.1
Project("{FAE04EC0-301F-11D3-BF4B-00C04F79EFBC}") = "national-football-matchesAPI", "national-football-matchesAPI\national-football-matchesAPI.csproj", "{68861B68-A3FB-4B19-9BB7-9FC280F9C5E4}"
EndProject
Global
	GlobalSection(SolutionConfigurationPlatforms) = preSolution
		Debug|Any CPU = Debug|Any CPU
		Release|Any CPU = Release|Any CPU
	EndGlobalSection
	GlobalSection(ProjectConfigurationPlatforms) = postSolution
		{68861B68-A3FB-4B19-9BB7-9FC280F9C5E4}.Debug|Any CPU.ActiveCfg = Debug|Any CPU
		{68861B68-A3FB-4B19-9BB7-9FC280F9C5E4}.Debug|Any CPU.Build.0 = Debug|Any CPU
		{68861B68-A3FB-4B19-9BB7-9FC280F9C5E4}.Release|Any CPU.ActiveCfg = Release|Any CPU
		{68861B68-A3FB-4B19-9BB7-9FC280F9C5E4}.Release|Any CPU.Build.0 = Release|Any CPU
	EndGlobalSection
	GlobalSection(SolutionProperties) = preSolution
		HideSolutionNode = FALSE
	EndGlobalSection
	GlobalSection(ExtensibilityGlobals) = postSolution
		SolutionGuid = {5190AA94-1853-40AC-84BC-3DA9318033F7}
	EndGlobalSection
EndGlobal
